
Microsoft Visual Studio Solution File, Format Version 12.00
# Visual Studio Version 17
VisualStudioVersion = 17.13.35818.85 d17.13
MinimumVisualStudioVersion = 10.0.40219.1
Project("{FAE04EC0-301F-11D3-BF4B-00C04F79EFBC}") = "chapter4_demo2", "chapter4_demo2\chapter4_demo2.csproj", "{CC49950B-2561-4976-A966-F854CC0F3A60}"
EndProject
Global
	GlobalSection(SolutionConfigurationPlatforms) = preSolution
		Debug|Any CPU = Debug|Any CPU
		Release|Any CPU = Release|Any CPU
	EndGlobalSection
	GlobalSection(ProjectConfigurationPlatforms) = postSolution
		{CC49950B-2561-4976-A966-F854CC0F3A60}.Debug|Any CPU.ActiveCfg = Debug|Any CPU
		{CC49950B-2561-4976-A966-F854CC0F3A60}.Debug|Any CPU.Build.0 = Debug|Any CPU
		{CC49950B-2561-4976-A966-F854CC0F3A60}.Release|Any CPU.ActiveCfg = Release|Any CPU
		{CC49950B-2561-4976-A966-F854CC0F3A60}.Release|Any CPU.Build.0 = Release|Any CPU
	EndGlobalSection
	GlobalSection(SolutionProperties) = preSolution
		HideSolutionNode = FALSE
	EndGlobalSection
	GlobalSection(ExtensibilityGlobals) = postSolution
		SolutionGuid = {0B0BEED5-7151-4C41-A960-2E61226E4EA5}
	EndGlobalSection
EndGlobal
